
Microsoft Visual Studio Solution File, Format Version 12.00
# Visual Studio Version 17
VisualStudioVersion = 17.11.35222.181
MinimumVisualStudioVersion = 10.0.40219.1
Project("{FAE04EC0-301F-11D3-BF4B-00C04F79EFBC}") = "HedgehogsPopulation", "HedgehogsPopulation\HedgehogsPopulation.csproj", "{CB6373BE-C258-4C4A-89D5-1DD7A5BAC426}"
EndProject
Global
	GlobalSection(SolutionConfigurationPlatforms) = preSolution
		Debug|Any CPU = Debug|Any CPU
		Release|Any CPU = Release|Any CPU
	EndGlobalSection
	GlobalSection(ProjectConfigurationPlatforms) = postSolution
		{CB6373BE-C258-4C4A-89D5-1DD7A5BAC426}.Debug|Any CPU.ActiveCfg = Debug|Any CPU
		{CB6373BE-C258-4C4A-89D5-1DD7A5BAC426}.Debug|Any CPU.Build.0 = Debug|Any CPU
		{CB6373BE-C258-4C4A-89D5-1DD7A5BAC426}.Release|Any CPU.ActiveCfg = Release|Any CPU
		{CB6373BE-C258-4C4A-89D5-1DD7A5BAC426}.Release|Any CPU.Build.0 = Release|Any CPU
	EndGlobalSection
	GlobalSection(SolutionProperties) = preSolution
		HideSolutionNode = FALSE
	EndGlobalSection
	GlobalSection(ExtensibilityGlobals) = postSolution
		SolutionGuid = {1A7D0A6E-9E00-41A7-A626-AEF376EF951D}
	EndGlobalSection
EndGlobal
